# generated by rye
# use `rye lock` or `rye sync` to update this lockfile
#
# last locked with the following flags:
#   pre: false
#   features: []
#   all-features: false
#   with-sources: false
#   generate-hashes: false

-e file:.
anitopy==2.1.1
    # via pmsauto
apscheduler==3.10.4
    # via pmsauto
certifi==2024.2.2
    # via requests
charset-normalizer==3.3.2
    # via requests
filelock==3.12.3
    # via pmsauto
idna==3.7
    # via requests
packaging==24.0
    # via qbittorrent-api
plexapi==4.15.1
    # via pmsauto
psutil==5.9.5
    # via pmsauto
pytz==2024.1
    # via apscheduler
qbittorrent-api==2023.7.52
    # via pmsauto
requests==2.31.0
    # via plexapi
    # via pmsauto
    # via qbittorrent-api
    # via tmdbv3api
six==1.16.0
    # via apscheduler
    # via qbittorrent-api
sqlalchemy==2.0.30
    # via pmsauto
tmdbv3api==1.7.7
    # via pmsauto
typing-extensions==4.12.0
    # via filelock
    # via sqlalchemy
tzlocal==5.2
    # via apscheduler
urllib3==1.26.9
    # via pmsauto
    # via qbittorrent-api
    # via requests
